// !$*UTF8*$!
{
	archiveVersion = 1;
	classes = {
	};
	objectVersion = 77;
	objects = {

/* Begin PBXContainerItemProxy section */
		A067B4E32D4D524900F8B14E /* PBXContainerItemProxy */ = {
			isa = PBXContainerItemProxy;
			containerPortal = A067B4CA2D4D524600F8B14E /* Project object */;
			proxyType = 1;
			remoteGlobalIDString = A067B4D12D4D524600F8B14E;
			remoteInfo = Lab_work_3;
		};
		A067B4ED2D4D524900F8B14E /* PBXContainerItemProxy */ = {
			isa = PBXContainerItemProxy;
			containerPortal = A067B4CA2D4D524600F8B14E /* Project object */;
			proxyType = 1;
			remoteGlobalIDString = A067B4D12D4D524600F8B14E;
			remoteInfo = Lab_work_3;
		};
/* End PBXContainerItemProxy section */

/* Begin PBXFileReference section */
		A067B4D22D4D524600F8B14E /* Lab_work_3.app */ = {isa = PBXFileReference; explicitFileType = wrapper.application; includeInIndex = 0; path = Lab_work_3.app; sourceTree = BUILT_PRODUCTS_DIR; };
		A067B4E22D4D524900F8B14E /* Lab_work_3Tests.xctest */ = {isa = PBXFileReference; explicitFileType = wrapper.cfbundle; includeInIndex = 0; path = Lab_work_3Tests.xctest; sourceTree = BUILT_PRODUCTS_DIR; };
		A067B4EC2D4D524900F8B14E /* Lab_work_3UITests.xctest */ = {isa = PBXFileReference; explicitFileType = wrapper.cfbundle; includeInIndex = 0; path = Lab_work_3UITests.xctest; sourceTree = BUILT_PRODUCTS_DIR; };
/* End PBXFileReference section */

/* Begin PBXFileSystemSynchronizedRootGroup section */
		A067B4D42D4D524600F8B14E /* Lab_work_3 */ = {
			isa = PBXFileSystemSynchronizedRootGroup;
			path = Lab_work_3;
			sourceTree = "<group>";
		};
		A067B4E52D4D524900F8B14E /* Lab_work_3Tests */ = {
			isa = PBXFileSystemSynchronizedRootGroup;
			path = Lab_work_3Tests;
			sourceTree = "<group>";
		};
		A067B4EF2D4D524900F8B14E /* Lab_work_3UITests */ = {
			isa = PBXFileSystemSynchronizedRootGroup;
			path = Lab_work_3UITests;
			sourceTree = "<group>";
		};
/* End PBXFileSystemSynchronizedRootGroup section */

/* Begin PBXFrameworksBuildPhase section */
		A067B4CF2D4D524600F8B14E /* Frameworks */ = {
			isa = PBXFrameworksBuildPhase;
			buildActionMask = 2147483647;
			files = (
			);
			runOnlyForDeploymentPostprocessing = 0;
		};
		A067B4DF2D4D524900F8B14E /* Frameworks */ = {
			isa = PBXFrameworksBuildPhase;
			buildActionMask = 2147483647;
			files = (
			);
			runOnlyForDeploymentPostprocessing = 0;
		};
		A067B4E92D4D524900F8B14E /* Frameworks */ = {
			isa = PBXFrameworksBuildPhase;
			buildActionMask = 2147483647;
			files = (
			);
			runOnlyForDeploymentPostprocessing = 0;
		};
/* End PBXFrameworksBuildPhase section */

/* Begin PBXGroup section */
		A067B4C92D4D524600F8B14E = {
			isa = PBXGroup;
			children = (
				A067B4D42D4D524600F8B14E /* Lab_work_3 */,
				A067B4E52D4D524900F8B14E /* Lab_work_3Tests */,
				A067B4EF2D4D524900F8B14E /* Lab_work_3UITests */,
				A067B4D32D4D524600F8B14E /* Products */,
			);
			sourceTree = "<group>";
		};
		A067B4D32D4D524600F8B14E /* Products */ = {
			isa = PBXGroup;
			children = (
				A067B4D22D4D524600F8B14E /* Lab_work_3.app */,
				A067B4E22D4D524900F8B14E /* Lab_work_3Tests.xctest */,
				A067B4EC2D4D524900F8B14E /* Lab_work_3UITests.xctest */,
			);
			name = Products;
			sourceTree = "<group>";
		};
/* End PBXGroup section */

/* Begin PBXNativeTarget section */
		A067B4D12D4D524600F8B14E /* Lab_work_3 */ = {
			isa = PBXNativeTarget;
			buildConfigurationList = A067B4F62D4D524900F8B14E /* Build configuration list for PBXNativeTarget "Lab_work_3" */;
			buildPhases = (
				A067B4CE2D4D524600F8B14E /* Sources */,
				A067B4CF2D4D524600F8B14E /* Frameworks */,
				A067B4D02D4D524600F8B14E /* Resources */,
			);
			buildRules = (
			);
			dependencies = (
			);
			fileSystemSynchronizedGroups = (
				A067B4D42D4D524600F8B14E /* Lab_work_3 */,
			);
			name = Lab_work_3;
			packageProductDependencies = (
			);
			productName = Lab_work_3;
			productReference = A067B4D22D4D524600F8B14E /* Lab_work_3.app */;
			productType = "com.apple.product-type.application";
		};
		A067B4E12D4D524900F8B14E /* Lab_work_3Tests */ = {
			isa = PBXNativeTarget;
			buildConfigurationList = A067B4F92D4D524900F8B14E /* Build configuration list for PBXNativeTarget "Lab_work_3Tests" */;
			buildPhases = (
				A067B4DE2D4D524900F8B14E /* Sources */,
				A067B4DF2D4D524900F8B14E /* Frameworks */,
				A067B4E02D4D524900F8B14E /* Resources */,
			);
			buildRules = (
			);
			dependencies = (
				A067B4E42D4D524900F8B14E /* PBXTargetDependency */,
			);
			fileSystemSynchronizedGroups = (
				A067B4E52D4D524900F8B14E /* Lab_work_3Tests */,
			);
			name = Lab_work_3Tests;
			packageProductDependencies = (
			);
			productName = Lab_work_3Tests;
			productReference = A067B4E22D4D524900F8B14E /* Lab_work_3Tests.xctest */;
			productType = "com.apple.product-type.bundle.unit-test";
		};
		A067B4EB2D4D524900F8B14E /* Lab_work_3UITests */ = {
			isa = PBXNativeTarget;
			buildConfigurationList = A067B4FC2D4D524900F8B14E /* Build configuration list for PBXNativeTarget "Lab_work_3UITests" */;
			buildPhases = (
				A067B4E82D4D524900F8B14E /* Sources */,
				A067B4E92D4D524900F8B14E /* Frameworks */,
				A067B4EA2D4D524900F8B14E /* Resources */,
			);
			buildRules = (
			);
			dependencies = (
				A067B4EE2D4D524900F8B14E /* PBXTargetDependency */,
			);
			fileSystemSynchronizedGroups = (
				A067B4EF2D4D524900F8B14E /* Lab_work_3UITests */,
			);
			name = Lab_work_3UITests;
			packageProductDependencies = (
			);
			productName = Lab_work_3UITests;
			productReference = A067B4EC2D4D524900F8B14E /* Lab_work_3UITests.xctest */;
			productType = "com.apple.product-type.bundle.ui-testing";
		};
/* End PBXNativeTarget section */

/* Begin PBXProject section */
		A067B4CA2D4D524600F8B14E /* Project object */ = {
			isa = PBXProject;
			attributes = {
				BuildIndependentTargetsInParallel = 1;
				LastSwiftUpdateCheck = 1610;
				LastUpgradeCheck = 1610;
				TargetAttributes = {
					A067B4D12D4D524600F8B14E = {
						CreatedOnToolsVersion = 16.1;
					};
					A067B4E12D4D524900F8B14E = {
						CreatedOnToolsVersion = 16.1;
						TestTargetID = A067B4D12D4D524600F8B14E;
					};
					A067B4EB2D4D524900F8B14E = {
						CreatedOnToolsVersion = 16.1;
						TestTargetID = A067B4D12D4D524600F8B14E;
					};
				};
			};
			buildConfigurationList = A067B4CD2D4D524600F8B14E /* Build configuration list for PBXProject "Lab_work_3" */;
			developmentRegion = en;
			hasScannedForEncodings = 0;
			knownRegions = (
				en,
				Base,
			);
			mainGroup = A067B4C92D4D524600F8B14E;
			minimizedProjectReferenceProxies = 1;
			preferredProjectObjectVersion = 77;
			productRefGroup = A067B4D32D4D524600F8B14E /* Products */;
			projectDirPath = "";
			projectRoot = "";
			targets = (
				A067B4D12D4D524600F8B14E /* Lab_work_3 */,
				A067B4E12D4D524900F8B14E /* Lab_work_3Tests */,
				A067B4EB2D4D524900F8B14E /* Lab_work_3UITests */,
			);
		};
/* End PBXProject section */

/* Begin PBXResourcesBuildPhase section */
		A067B4D02D4D524600F8B14E /* Resources */ = {
			isa = PBXResourcesBuildPhase;
			buildActionMask = 2147483647;
			files = (
			);
			runOnlyForDeploymentPostprocessing = 0;
		};
		A067B4E02D4D524900F8B14E /* Resources */ = {
			isa = PBXResourcesBuildPhase;
			buildActionMask = 2147483647;
			files = (
			);
			runOnlyForDeploymentPostprocessing = 0;
		};
		A067B4EA2D4D524900F8B14E /* Resources */ = {
			isa = PBXResourcesBuildPhase;
			buildActionMask = 2147483647;
			files = (
			);
			runOnlyForDeploymentPostprocessing = 0;
		};
/* End PBXResourcesBuildPhase section */

/* Begin PBXSourcesBuildPhase section */
		A067B4CE2D4D524600F8B14E /* Sources */ = {
			isa = PBXSourcesBuildPhase;
			buildActionMask = 2147483647;
			files = (
			);
			runOnlyForDeploymentPostprocessing = 0;
		};
		A067B4DE2D4D524900F8B14E /* Sources */ = {
			isa = PBXSourcesBuildPhase;
			buildActionMask = 2147483647;
			files = (
			);
			runOnlyForDeploymentPostprocessing = 0;
		};
		A067B4E82D4D524900F8B14E /* Sources */ = {
			isa = PBXSourcesBuildPhase;
			buildActionMask = 2147483647;
			files = (
			);
			runOnlyForDeploymentPostprocessing = 0;
		};
/* End PBXSourcesBuildPhase section */

/* Begin PBXTargetDependency section */
		A067B4E42D4D524900F8B14E /* PBXTargetDependency */ = {
			isa = PBXTargetDependency;
			target = A067B4D12D4D524600F8B14E /* Lab_work_3 */;
			targetProxy = A067B4E32D4D524900F8B14E /* PBXContainerItemProxy */;
		};
		A067B4EE2D4D524900F8B14E /* PBXTargetDependency */ = {
			isa = PBXTargetDependency;
			target = A067B4D12D4D524600F8B14E /* Lab_work_3 */;
			targetProxy = A067B4ED2D4D524900F8B14E /* PBXContainerItemProxy */;
		};
/* End PBXTargetDependency section */

/* Begin XCBuildConfiguration section */
		A067B4F42D4D524900F8B14E /* Debug */ = {
			isa = XCBuildConfiguration;
			buildSettings = {
				ALWAYS_SEARCH_USER_PATHS = NO;
				ASSETCATALOG_COMPILER_GENERATE_SWIFT_ASSET_SYMBOL_EXTENSIONS = YES;
				CLANG_ANALYZER_NONNULL = YES;
				CLANG_ANALYZER_NUMBER_OBJECT_CONVERSION = YES_AGGRESSIVE;
				CLANG_CXX_LANGUAGE_STANDARD = "gnu++20";
				CLANG_ENABLE_MODULES = YES;
				CLANG_ENABLE_OBJC_ARC = YES;
				CLANG_ENABLE_OBJC_WEAK = YES;
				CLANG_WARN_BLOCK_CAPTURE_AUTORELEASING = YES;
				CLANG_WARN_BOOL_CONVERSION = YES;
				CLANG_WARN_COMMA = YES;
				CLANG_WARN_CONSTANT_CONVERSION = YES;
				CLANG_WARN_DEPRECATED_OBJC_IMPLEMENTATIONS = YES;
				CLANG_WARN_DIRECT_OBJC_ISA_USAGE = YES_ERROR;
				CLANG_WARN_DOCUMENTATION_COMMENTS = YES;
				CLANG_WARN_EMPTY_BODY = YES;
				CLANG_WARN_ENUM_CONVERSION = YES;
				CLANG_WARN_INFINITE_RECURSION = YES;
				CLANG_WARN_INT_CONVERSION = YES;
				CLANG_WARN_NON_LITERAL_NULL_CONVERSION = YES;
				CLANG_WARN_OBJC_IMPLICIT_RETAIN_SELF = YES;
				CLANG_WARN_OBJC_LITERAL_CONVERSION = YES;
				CLANG_WARN_OBJC_ROOT_CLASS = YES_ERROR;
				CLANG_WARN_QUOTED_INCLUDE_IN_FRAMEWORK_HEADER = YES;
				CLANG_WARN_RANGE_LOOP_ANALYSIS = YES;
				CLANG_WARN_STRICT_PROTOTYPES = YES;
				CLANG_WARN_SUSPICIOUS_MOVE = YES;
				CLANG_WARN_UNGUARDED_AVAILABILITY = YES_AGGRESSIVE;
				CLANG_WARN_UNREACHABLE_CODE = YES;
				CLANG_WARN__DUPLICATE_METHOD_MATCH = YES;
				COPY_PHASE_STRIP = NO;
				DEBUG_INFORMATION_FORMAT = dwarf;
				ENABLE_STRICT_OBJC_MSGSEND = YES;
				ENABLE_TESTABILITY = YES;
				ENABLE_USER_SCRIPT_SANDBOXING = YES;
				GCC_C_LANGUAGE_STANDARD = gnu17;
				GCC_DYNAMIC_NO_PIC = NO;
				GCC_NO_COMMON_BLOCKS = YES;
				GCC_OPTIMIZATION_LEVEL = 0;
				GCC_PREPROCESSOR_DEFINITIONS = (
					"DEBUG=1",
					"$(inherited)",
				);
				GCC_WARN_64_TO_32_BIT_CONVERSION = YES;
				GCC_WARN_ABOUT_RETURN_TYPE = YES_ERROR;
				GCC_WARN_UNDECLARED_SELECTOR = YES;
				GCC_WARN_UNINITIALIZED_AUTOS = YES_AGGRESSIVE;
				GCC_WARN_UNUSED_FUNCTION = YES;
				GCC_WARN_UNUSED_VARIABLE = YES;
				IPHONEOS_DEPLOYMENT_TARGET = 18.1;
				LOCALIZATION_PREFERS_STRING_CATALOGS = YES;
				MTL_ENABLE_DEBUG_INFO = INCLUDE_SOURCE;
				MTL_FAST_MATH = YES;
				ONLY_ACTIVE_ARCH = YES;
				SDKROOT = iphoneos;
				SWIFT_ACTIVE_COMPILATION_CONDITIONS = "DEBUG $(inherited)";
				SWIFT_OPTIMIZATION_LEVEL = "-Onone";
			};
			name = Debug;
		};
		A067B4F52D4D524900F8B14E /* Release */ = {
			isa = XCBuildConfiguration;
			buildSettings = {
				ALWAYS_SEARCH_USER_PATHS = NO;
				ASSETCATALOG_COMPILER_GENERATE_SWIFT_ASSET_SYMBOL_EXTENSIONS = YES;
				CLANG_ANALYZER_NONNULL = YES;
				CLANG_ANALYZER_NUMBER_OBJECT_CONVERSION = YES_AGGRESSIVE;
				CLANG_CXX_LANGUAGE_STANDARD = "gnu++20";
				CLANG_ENABLE_MODULES = YES;
				CLANG_ENABLE_OBJC_ARC = YES;
				CLANG_ENABLE_OBJC_WEAK = YES;
				CLANG_WARN_BLOCK_CAPTURE_AUTORELEASING = YES;
				CLANG_WARN_BOOL_CONVERSION = YES;
				CLANG_WARN_COMMA = YES;
				CLANG_WARN_CONSTANT_CONVERSION = YES;
				CLANG_WARN_DEPRECATED_OBJC_IMPLEMENTATIONS = YES;
				CLANG_WARN_DIRECT_OBJC_ISA_USAGE = YES_ERROR;
				CLANG_WARN_DOCUMENTATION_COMMENTS = YES;
				CLANG_WARN_EMPTY_BODY = YES;
				CLANG_WARN_ENUM_CONVERSION = YES;
				CLANG_WARN_INFINITE_RECURSION = YES;
				CLANG_WARN_INT_CONVERSION = YES;
				CLANG_WARN_NON_LITERAL_NULL_CONVERSION = YES;
				CLANG_WARN_OBJC_IMPLICIT_RETAIN_SELF = YES;
				CLANG_WARN_OBJC_LITERAL_CONVERSION = YES;
				CLANG_WARN_OBJC_ROOT_CLASS = YES_ERROR;
				CLANG_WARN_QUOTED_INCLUDE_IN_FRAMEWORK_HEADER = YES;
				CLANG_WARN_RANGE_LOOP_ANALYSIS = YES;
				CLANG_WARN_STRICT_PROTOTYPES = YES;
				CLANG_WARN_SUSPICIOUS_MOVE = YES;
				CLANG_WARN_UNGUARDED_AVAILABILITY = YES_AGGRESSIVE;
				CLANG_WARN_UNREACHABLE_CODE = YES;
				CLANG_WARN__DUPLICATE_METHOD_MATCH = YES;
				COPY_PHASE_STRIP = NO;
				DEBUG_INFORMATION_FORMAT = "dwarf-with-dsym";
				ENABLE_NS_ASSERTIONS = NO;
				ENABLE_STRICT_OBJC_MSGSEND = YES;
				ENABLE_USER_SCRIPT_SANDBOXING = YES;
				GCC_C_LANGUAGE_STANDARD = gnu17;
				GCC_NO_COMMON_BLOCKS = YES;
				GCC_WARN_64_TO_32_BIT_CONVERSION = YES;
				GCC_WARN_ABOUT_RETURN_TYPE = YES_ERROR;
				GCC_WARN_UNDECLARED_SELECTOR = YES;
				GCC_WARN_UNINITIALIZED_AUTOS = YES_AGGRESSIVE;
				GCC_WARN_UNUSED_FUNCTION = YES;
				GCC_WARN_UNUSED_VARIABLE = YES;
				IPHONEOS_DEPLOYMENT_TARGET = 18.1;
				LOCALIZATION_PREFERS_STRING_CATALOGS = YES;
				MTL_ENABLE_DEBUG_INFO = NO;
				MTL_FAST_MATH = YES;
				SDKROOT = iphoneos;
				SWIFT_COMPILATION_MODE = wholemodule;
				VALIDATE_PRODUCT = YES;
			};
			name = Release;
		};
		A067B4F72D4D524900F8B14E /* Debug */ = {
			isa = XCBuildConfiguration;
			buildSettings = {
				ASSETCATALOG_COMPILER_APPICON_NAME = AppIcon;
				ASSETCATALOG_COMPILER_GLOBAL_ACCENT_COLOR_NAME = AccentColor;
				CODE_SIGN_STYLE = Automatic;
				CURRENT_PROJECT_VERSION = 1;
				DEVELOPMENT_ASSET_PATHS = "\"Lab_work_3/Preview Content\"";
				DEVELOPMENT_TEAM = T3W8SWZAJM;
				ENABLE_PREVIEWS = YES;
				GENERATE_INFOPLIST_FILE = YES;
				INFOPLIST_KEY_UIApplicationSceneManifest_Generation = YES;
				INFOPLIST_KEY_UIApplicationSupportsIndirectInputEvents = YES;
				INFOPLIST_KEY_UILaunchScreen_Generation = YES;
				INFOPLIST_KEY_UISupportedInterfaceOrientations_iPad = "UIInterfaceOrientationPortrait UIInterfaceOrientationPortraitUpsideDown UIInterfaceOrientationLandscapeLeft UIInterfaceOrientationLandscapeRight";
				INFOPLIST_KEY_UISupportedInterfaceOrientations_iPhone = "UIInterfaceOrientationPortrait UIInterfaceOrientationLandscapeLeft UIInterfaceOrientationLandscapeRight";
				LD_RUNPATH_SEARCH_PATHS = (
					"$(inherited)",
					"@executable_path/Frameworks",
				);
				MARKETING_VERSION = 1.0;
				PRODUCT_BUNDLE_IDENTIFIER = "test.Lab-work-3";
				PRODUCT_NAME = "$(TARGET_NAME)";
				SWIFT_EMIT_LOC_STRINGS = YES;
				SWIFT_VERSION = 5.0;
				TARGETED_DEVICE_FAMILY = "1,2";
			};
			name = Debug;
		};
		A067B4F82D4D524900F8B14E /* Release */ = {
			isa = XCBuildConfiguration;
			buildSettings = {
				ASSETCATALOG_COMPILER_APPICON_NAME = AppIcon;
				ASSETCATALOG_COMPILER_GLOBAL_ACCENT_COLOR_NAME = AccentColor;
				CODE_SIGN_STYLE = Automatic;
				CURRENT_PROJECT_VERSION = 1;
				DEVELOPMENT_ASSET_PATHS = "\"Lab_work_3/Preview Content\"";
				DEVELOPMENT_TEAM = T3W8SWZAJM;
				ENABLE_PREVIEWS = YES;
				GENERATE_INFOPLIST_FILE = YES;
				INFOPLIST_KEY_UIApplicationSceneManifest_Generation = YES;
				INFOPLIST_KEY_UIApplicationSupportsIndirectInputEvents = YES;
				INFOPLIST_KEY_UILaunchScreen_Generation = YES;
				INFOPLIST_KEY_UISupportedInterfaceOrientations_iPad = "UIInterfaceOrientationPortrait UIInterfaceOrientationPortraitUpsideDown UIInterfaceOrientationLandscapeLeft UIInterfaceOrientationLandscapeRight";
				INFOPLIST_KEY_UISupportedInterfaceOrientations_iPhone = "UIInterfaceOrientationPortrait UIInterfaceOrientationLandscapeLeft UIInterfaceOrientationLandscapeRight";
				LD_RUNPATH_SEARCH_PATHS = (
					"$(inherited)",
					"@executable_path/Frameworks",
				);
				MARKETING_VERSION = 1.0;
				PRODUCT_BUNDLE_IDENTIFIER = "test.Lab-work-3";
				PRODUCT_NAME = "$(TARGET_NAME)";
				SWIFT_EMIT_LOC_STRINGS = YES;
				SWIFT_VERSION = 5.0;
				TARGETED_DEVICE_FAMILY = "1,2";
			};
			name = Release;
		};
		A067B4FA2D4D524900F8B14E /* Debug */ = {
			isa = XCBuildConfiguration;
			buildSettings = {
				BUNDLE_LOADER = "$(TEST_HOST)";
				CODE_SIGN_STYLE = Automatic;
				CURRENT_PROJECT_VERSION = 1;
				GENERATE_INFOPLIST_FILE = YES;
				IPHONEOS_DEPLOYMENT_TARGET = 18.1;
				MARKETING_VERSION = 1.0;
				PRODUCT_BUNDLE_IDENTIFIER = "test.Lab-work-3Tests";
				PRODUCT_NAME = "$(TARGET_NAME)";
				SWIFT_EMIT_LOC_STRINGS = NO;
				SWIFT_VERSION = 5.0;
				TARGETED_DEVICE_FAMILY = "1,2";
				TEST_HOST = "$(BUILT_PRODUCTS_DIR)/Lab_work_3.app/$(BUNDLE_EXECUTABLE_FOLDER_PATH)/Lab_work_3";
			};
			name = Debug;
		};
		A067B4FB2D4D524900F8B14E /* Release */ = {
			isa = XCBuildConfiguration;
			buildSettings = {
				BUNDLE_LOADER = "$(TEST_HOST)";
				CODE_SIGN_STYLE = Automatic;
				CURRENT_PROJECT_VERSION = 1;
				GENERATE_INFOPLIST_FILE = YES;
				IPHONEOS_DEPLOYMENT_TARGET = 18.1;
				MARKETING_VERSION = 1.0;
				PRODUCT_BUNDLE_IDENTIFIER = "test.Lab-work-3Tests";
				PRODUCT_NAME = "$(TARGET_NAME)";
				SWIFT_EMIT_LOC_STRINGS = NO;
				SWIFT_VERSION = 5.0;
				TARGETED_DEVICE_FAMILY = "1,2";
				TEST_HOST = "$(BUILT_PRODUCTS_DIR)/Lab_work_3.app/$(BUNDLE_EXECUTABLE_FOLDER_PATH)/Lab_work_3";
			};
			name = Release;
		};
		A067B4FD2D4D524900F8B14E /* Debug */ = {
			isa = XCBuildConfiguration;
			buildSettings = {
				CODE_SIGN_STYLE = Automatic;
				CURRENT_PROJECT_VERSION = 1;
				GENERATE_INFOPLIST_FILE = YES;
				MARKETING_VERSION = 1.0;
				PRODUCT_BUNDLE_IDENTIFIER = "test.Lab-work-3UITests";
				PRODUCT_NAME = "$(TARGET_NAME)";
				SWIFT_EMIT_LOC_STRINGS = NO;
				SWIFT_VERSION = 5.0;
				TARGETED_DEVICE_FAMILY = "1,2";
				TEST_TARGET_NAME = Lab_work_3;
			};
			name = Debug;
		};
		A067B4FE2D4D524900F8B14E /* Release */ = {
			isa = XCBuildConfiguration;
			buildSettings = {
				CODE_SIGN_STYLE = Automatic;
				CURRENT_PROJECT_VERSION = 1;
				GENERATE_INFOPLIST_FILE = YES;
				MARKETING_VERSION = 1.0;
				PRODUCT_BUNDLE_IDENTIFIER = "test.Lab-work-3UITests";
				PRODUCT_NAME = "$(TARGET_NAME)";
				SWIFT_EMIT_LOC_STRINGS = NO;
				SWIFT_VERSION = 5.0;
				TARGETED_DEVICE_FAMILY = "1,2";
				TEST_TARGET_NAME = Lab_work_3;
			};
			name = Release;
		};
/* End XCBuildConfiguration section */

/* Begin XCConfigurationList section */
		A067B4CD2D4D524600F8B14E /* Build configuration list for PBXProject "Lab_work_3" */ = {
			isa = XCConfigurationList;
			buildConfigurations = (
				A067B4F42D4D524900F8B14E /* Debug */,
				A067B4F52D4D524900F8B14E /* Release */,
			);
			defaultConfigurationIsVisible = 0;
			defaultConfigurationName = Release;
		};
		A067B4F62D4D524900F8B14E /* Build configuration list for PBXNativeTarget "Lab_work_3" */ = {
			isa = XCConfigurationList;
			buildConfigurations = (
				A067B4F72D4D524900F8B14E /* Debug */,
				A067B4F82D4D524900F8B14E /* Release */,
			);
			defaultConfigurationIsVisible = 0;
			defaultConfigurationName = Release;
		};
		A067B4F92D4D524900F8B14E /* Build configuration list for PBXNativeTarget "Lab_work_3Tests" */ = {
			isa = XCConfigurationList;
			buildConfigurations = (
				A067B4FA2D4D524900F8B14E /* Debug */,
				A067B4FB2D4D524900F8B14E /* Release */,
			);
			defaultConfigurationIsVisible = 0;
			defaultConfigurationName = Release;
		};
		A067B4FC2D4D524900F8B14E /* Build configuration list for PBXNativeTarget "Lab_work_3UITests" */ = {
			isa = XCConfigurationList;
			buildConfigurations = (
				A067B4FD2D4D524900F8B14E /* Debug */,
				A067B4FE2D4D524900F8B14E /* Release */,
			);
			defaultConfigurationIsVisible = 0;
			defaultConfigurationName = Release;
		};
/* End XCConfigurationList section */
	};
	rootObject = A067B4CA2D4D524600F8B14E /* Project object */;
}
